{
  "name": "velocity-ide",
  "version": "0.1.0",
  "lockfileVersion": 3,
  "requires": true,
  "packages": {
    "": {
      "name": "velocity-ide",
      "version": "0.1.0",
      "hasInstallScript": true,
      "license": "MIT",
      "workspaces": [
        "apps/native-shell"
      ],
      "engines": {
        "node": ">=22"
      }
    },
    "apps/native-shell": {
      "name": "@velocity/native-shell",
      "version": "0.1.0",
      "license": "MIT",
      "engines": {
        "node": ">=22"
      }
    },
    "node_modules/@velocity/native-shell": {
      "resolved": "apps/native-shell",
      "link": true
    }
  }
}
