{
  "name": ".tools",
  "lockfileVersion": 3,
  "requires": true,
  "packages": {
    "": {
      "dependencies": {
        "@native-sdk/cli": "0.4.0"
      }
    },
    "node_modules/@native-sdk/cli": {
      "version": "0.4.0",
      "resolved": "https://registry.npmjs.org/@native-sdk/cli/-/cli-0.4.0.tgz",
      "integrity": "sha512-HD9MJ4HvpHx0jdGu2+8RrqxHYa9ABFs1HowxJIqd3vUB2KyJAy343lKgzYy5dL8YByKka/iudacRFGBvZcTg/g==",
      "license": "Apache-2.0",
      "bin": {
        "native": "bin/native.js"
      },
      "optionalDependencies": {
        "@native-sdk/cli-darwin-arm64": "0.4.0",
        "@native-sdk/cli-darwin-x64": "0.4.0",
        "@native-sdk/cli-linux-arm64-gnu": "0.4.0",
        "@native-sdk/cli-linux-arm64-musl": "0.4.0",
        "@native-sdk/cli-linux-x64-gnu": "0.4.0",
        "@native-sdk/cli-linux-x64-musl": "0.4.0",
        "@native-sdk/cli-win32-arm64": "0.4.0",
        "@native-sdk/cli-win32-x64": "0.4.0"
      }
    },
    "node_modules/@native-sdk/cli-darwin-arm64": {
      "version": "0.4.0",
      "resolved": "https://registry.npmjs.org/@native-sdk/cli-darwin-arm64/-/cli-darwin-arm64-0.4.0.tgz",
      "integrity": "sha512-/HdeaKmV3FvewWbwNvIfn0CWpoZ/gYcWihMVXLD9niCeHvVsfYVeEyDYTrby/e6TzRP5A8Foo+ej4pqKcH8zkA==",
      "cpu": [
        "arm64"
      ],
      "license": "Apache-2.0",
      "optional": true,
      "os": [
        "darwin"
      ]
    },
    "node_modules/@native-sdk/cli-darwin-x64": {
      "version": "0.4.0",
      "resolved": "https://registry.npmjs.org/@native-sdk/cli-darwin-x64/-/cli-darwin-x64-0.4.0.tgz",
      "integrity": "sha512-3e5wdM6eB/3pfJ5qORsn/qwYpf8bqygbQybC+vpqM+qJ+4PcbvMeGs5m8jIFkez1K7k8w6NciOeS7Ymbp7Sp0A==",
      "cpu": [
        "x64"
      ],
      "license": "Apache-2.0",
      "optional": true,
      "os": [
        "darwin"
      ]
    },
    "node_modules/@native-sdk/cli-linux-arm64-gnu": {
      "version": "0.4.0",
      "resolved": "https://registry.npmjs.org/@native-sdk/cli-linux-arm64-gnu/-/cli-linux-arm64-gnu-0.4.0.tgz",
      "integrity": "sha512-EmavjQsEDMuOyDUAXys7AAI9Ej6wRKoQF6jYxjYdF3V7jDlpSesOPvTgcsf9F+Kcuwv6ZO4n5a1apjwNa4UGNQ==",
      "cpu": [
        "arm64"
      ],
      "license": "Apache-2.0",
      "optional": true,
      "os": [
        "linux"
      ]
    },
    "node_modules/@native-sdk/cli-linux-arm64-musl": {
      "version": "0.4.0",
      "resolved": "https://registry.npmjs.org/@native-sdk/cli-linux-arm64-musl/-/cli-linux-arm64-musl-0.4.0.tgz",
      "integrity": "sha512-GqOrHhdMO/YDJpX4poT39OoRDl37NWTqLkyDQ5JYaCG+un8yja7CZ+/9aYifMH1W4eexS5+aBnxACPB85j7dkA==",
      "cpu": [
        "arm64"
      ],
      "license": "Apache-2.0",
      "optional": true,
      "os": [
        "linux"
      ]
    },
    "node_modules/@native-sdk/cli-linux-x64-gnu": {
      "version": "0.4.0",
      "resolved": "https://registry.npmjs.org/@native-sdk/cli-linux-x64-gnu/-/cli-linux-x64-gnu-0.4.0.tgz",
      "integrity": "sha512-w4LPtpMBNWz69XlbCMLl9jPD/9giLUNQiJdsuLq5OLRKNML3UFP2wvDSfe2GxkVwbnf6zCyTnG5svAdi6nyGXw==",
      "cpu": [
        "x64"
      ],
      "license": "Apache-2.0",
      "optional": true,
      "os": [
        "linux"
      ]
    },
    "node_modules/@native-sdk/cli-linux-x64-musl": {
      "version": "0.4.0",
      "resolved": "https://registry.npmjs.org/@native-sdk/cli-linux-x64-musl/-/cli-linux-x64-musl-0.4.0.tgz",
      "integrity": "sha512-hIKqhTI544ORuxIThMTUvCDkRJ6c+jB22bilsoZOYbwIX8AaiegNcbUzTVgRMtyNschaWiJ1vD4CbtWtBu+y/A==",
      "cpu": [
        "x64"
      ],
      "license": "Apache-2.0",
      "optional": true,
      "os": [
        "linux"
      ]
    },
    "node_modules/@native-sdk/cli-win32-arm64": {
      "version": "0.4.0",
      "resolved": "https://registry.npmjs.org/@native-sdk/cli-win32-arm64/-/cli-win32-arm64-0.4.0.tgz",
      "integrity": "sha512-HCk5TowxccDtAobDqEYZCqNiy21PyYLcLQClQSCR5q+cpt/Jc7A02+7Sqf3wlpnNkMTB8K9fkrBAjwWznAmdbA==",
      "cpu": [
        "arm64"
      ],
      "license": "Apache-2.0",
      "optional": true,
      "os": [
        "win32"
      ]
    },
    "node_modules/@native-sdk/cli-win32-x64": {
      "version": "0.4.0",
      "resolved": "https://registry.npmjs.org/@native-sdk/cli-win32-x64/-/cli-win32-x64-0.4.0.tgz",
      "integrity": "sha512-K+gcbbdsUWYd27SEwqe7MbJXQbxiDTonQdDt2kk9MC3eJDR9hpOfTj4ERpceyvU3tImHwulchEMwdhwo6UjAyg==",
      "cpu": [
        "x64"
      ],
      "license": "Apache-2.0",
      "optional": true,
      "os": [
        "win32"
      ]
    }
  }
}
